PODS:
  - AFNetworking (2.5.4):
    - AFNetworking/NSURLConnection (= 2.5.4)
    - AFNetworking/NSURLSession (= 2.5.4)
    - AFNetworking/Reachability (= 2.5.4)
    - AFNetworking/Security (= 2.5.4)
    - AFNetworking/Serialization (= 2.5.4)
    - AFNetworking/UIKit (= 2.5.4)
  - AFNetworking/NSURLConnection (2.5.4):
    - AFNetworking/Reachability
    - AFNetworking/Security
    - AFNetworking/Serialization
  - AFNetworking/NSURLSession (2.5.4):
    - AFNetworking/Reachability
    - AFNetworking/Security
    - AFNetworking/Serialization
  - AFNetworking/Reachability (2.5.4)
  - AFNetworking/Security (2.5.4)
  - AFNetworking/Serialization (2.5.4)
  - AFNetworking/UIKit (2.5.4):
    - AFNetworking/NSURLConnection
    - AFNetworking/NSURLSession
  - APParallaxHeader (0.1.6)
  - InstagramSimpleOAuth (0.3.0):
    - MBProgressHUD (~> 0.9)
    - SimpleOAuth2 (= 0.0.3)
  - MBProgressHUD (0.9.1)
  - SimpleOAuth2 (0.0.3):
    - AFNetworking (~> 2.0)

DEPENDENCIES:
  - AFNetworking
  - APParallaxHeader
  - InstagramSimpleOAuth (~> 0.3)

SPEC CHECKSUMS:
  AFNetworking: 05edc0ac4c4c8cf57bcf4b84be5b0744b6d8e71e
  APParallaxHeader: 854bc48a2487ca12c702f8a236fec0d89cdac5c3
  InstagramSimpleOAuth: f5c1bbde3832b3288226ee4d9163d04ba12705e4
  MBProgressHUD: c47f2c166c126cf2ce36498d80f33e754d4e93ad
  SimpleOAuth2: 650ae997858c9d2f97773fc55c76e534ac3747da

COCOAPODS: 0.37.2
